
Microsoft Visual Studio Solution File, Format Version 12.00
# Visual Studio 15
VisualStudioVersion = 15.0.28307.489
MinimumVisualStudioVersion = 10.0.40219.1
Project("{FAE04EC0-301F-11D3-BF4B-00C04F79EFBC}") = "Mercator.RegexTester", "Mercator.RegexTester.csproj", "{7D0A404B-2DA0-452B-B80C-84E6D8FA78E0}"
EndProject
Global
	GlobalSection(SolutionConfigurationPlatforms) = preSolution
		Debug|Any CPU = Debug|Any CPU
		Release|Any CPU = Release|Any CPU
	EndGlobalSection
	GlobalSection(ProjectConfigurationPlatforms) = postSolution
		{7D0A404B-2DA0-452B-B80C-84E6D8FA78E0}.Debug|Any CPU.ActiveCfg = Debug|Any CPU
		{7D0A404B-2DA0-452B-B80C-84E6D8FA78E0}.Debug|Any CPU.Build.0 = Debug|Any CPU
		{7D0A404B-2DA0-452B-B80C-84E6D8FA78E0}.Release|Any CPU.ActiveCfg = Release|Any CPU
		{7D0A404B-2DA0-452B-B80C-84E6D8FA78E0}.Release|Any CPU.Build.0 = Release|Any CPU
	EndGlobalSection
	GlobalSection(SolutionProperties) = preSolution
		HideSolutionNode = FALSE
	EndGlobalSection
	GlobalSection(ExtensibilityGlobals) = postSolution
		SolutionGuid = {7AFEB72E-240B-45E1-B784-489440393F9E}
	EndGlobalSection
EndGlobal
